// !$*UTF8*$!
{
	archiveVersion = 1;
	classes = {
	};
	objectVersion = 55;
	objects = {

/* Begin PBXBuildFile section */
		1A05C05D2BB11239000376A6 /* MaterialActivityIndicator in Frameworks */ = {isa = PBXBuildFile; productRef = 1A05C05C2BB11239000376A6 /* MaterialActivityIndicator */; };
		1A09EE642B28B12700000312 /* VideoPlayerView.swift in Sources */ = {isa = PBXBuildFile; fileRef = 1A09EE632B28B12700000312 /* VideoPlayerView.swift */; };
		1A09EE662B28B13D00000312 /* MiniPlayerControlView.swift in Sources */ = {isa = PBXBuildFile; fileRef = 1A09EE652B28B13D00000312 /* MiniPlayerControlView.swift */; };
		1A0CEC6F2BCE609F00B178A8 /* VideoDataRecord.swift in Sources */ = {isa = PBXBuildFile; fileRef = 1A0CEC6E2BCE609F00B178A8 /* VideoDataRecord.swift */; };
		1A0CEC712BCF6A0300B178A8 /* RealmManager.swift in Sources */ = {isa = PBXBuildFile; fileRef = 1A0CEC702BCF6A0300B178A8 /* RealmManager.swift */; };
		1A2C5B802B4E718800DC03E4 /* Alamofire in Frameworks */ = {isa = PBXBuildFile; productRef = 1A2C5B7F2B4E718800DC03E4 /* Alamofire */; };
		1A2C5B832B4E729700DC03E4 /* SDWebImage in Frameworks */ = {isa = PBXBuildFile; productRef = 1A2C5B822B4E729700DC03E4 /* SDWebImage */; };
		1A2C5B852B4E729700DC03E4 /* SDWebImageMapKit in Frameworks */ = {isa = PBXBuildFile; productRef = 1A2C5B842B4E729700DC03E4 /* SDWebImageMapKit */; };
		1A2C5B882B4E738B00DC03E4 /* Realm in Frameworks */ = {isa = PBXBuildFile; productRef = 1A2C5B872B4E738B00DC03E4 /* Realm */; };
		1A2C5B8A2B4E738B00DC03E4 /* RealmSwift in Frameworks */ = {isa = PBXBuildFile; productRef = 1A2C5B892B4E738B00DC03E4 /* RealmSwift */; };
		1A2C5BBB2B54DA5A00DC03E4 /* SnapKit in Frameworks */ = {isa = PBXBuildFile; productRef = 1A2C5BBA2B54DA5A00DC03E4 /* SnapKit */; };
		1A2C5BEE2B610D8A00DC03E4 /* UIPanGestureRecognizer.swift in Sources */ = {isa = PBXBuildFile; fileRef = 1A2C5BED2B610D8A00DC03E4 /* UIPanGestureRecognizer.swift */; };
		1A2C5C192B77C04000DC03E4 /* CustomSlider.swift in Sources */ = {isa = PBXBuildFile; fileRef = 1A2C5C182B77C04000DC03E4 /* CustomSlider.swift */; };
		1A2C5C1C2B7DBE9000DC03E4 /* CombineCocoa in Frameworks */ = {isa = PBXBuildFile; productRef = 1A2C5C1B2B7DBE9000DC03E4 /* CombineCocoa */; };
		1A3CFE1C2B9F35CF00EA3404 /* CustomButton.swift in Sources */ = {isa = PBXBuildFile; fileRef = 1A3CFE1B2B9F35CF00EA3404 /* CustomButton.swift */; };
		1A3CFE1E2BA039F000EA3404 /* AniButton.swift in Sources */ = {isa = PBXBuildFile; fileRef = 1A3CFE1D2BA039F000EA3404 /* AniButton.swift */; };
		1A3CFE202BA32AF200EA3404 /* AVPlayer.swift in Sources */ = {isa = PBXBuildFile; fileRef = 1A3CFE1F2BA32AF200EA3404 /* AVPlayer.swift */; };
		1A3CFE222BA32ED100EA3404 /* Notification+Name.swift in Sources */ = {isa = PBXBuildFile; fileRef = 1A3CFE212BA32ED100EA3404 /* Notification+Name.swift */; };
		1A5FEEAA2AE261EA00C0FED5 /* PlayListTableCell.xib in Resources */ = {isa = PBXBuildFile; fileRef = 1A5FEEA92AE261EA00C0FED5 /* PlayListTableCell.xib */; };
		1A5FEEAC2AE2631B00C0FED5 /* PlayListTableCell.swift in Sources */ = {isa = PBXBuildFile; fileRef = 1A5FEEAB2AE2631B00C0FED5 /* PlayListTableCell.swift */; };
		1A6644802BBC125400842B97 /* URLExtractor.swift in Sources */ = {isa = PBXBuildFile; fileRef = 1A66447F2BBC125400842B97 /* URLExtractor.swift */; };
		1A680C6329BDD67B00A4F944 /* ChannelTableCell.swift in Sources */ = {isa = PBXBuildFile; fileRef = 1A680C6129BDD67B00A4F944 /* ChannelTableCell.swift */; };
		1A680C6429BDD67B00A4F944 /* ChannelTableCell.xib in Resources */ = {isa = PBXBuildFile; fileRef = 1A680C6229BDD67B00A4F944 /* ChannelTableCell.xib */; };
		1A8DE0832BCE1536003FA0DE /* SubsViewController.swift in Sources */ = {isa = PBXBuildFile; fileRef = 1A8DE0822BCE1536003FA0DE /* SubsViewController.swift */; };
		1A8DE0852BCE176A003FA0DE /* CollectionViewCell.swift in Sources */ = {isa = PBXBuildFile; fileRef = 1A8DE0842BCE176A003FA0DE /* CollectionViewCell.swift */; };
		1A8DE0872BCE1964003FA0DE /* PreviewVideoCell.swift in Sources */ = {isa = PBXBuildFile; fileRef = 1A8DE0862BCE1964003FA0DE /* PreviewVideoCell.swift */; };
		1AC8F5F22B3EFE29002A9740 /* YouTubeKit in Frameworks */ = {isa = PBXBuildFile; productRef = 1AC8F5F12B3EFE29002A9740 /* YouTubeKit */; };
		1ADA85EF2B2B5E5E00DDEBC7 /* MainTabBarVC.swift in Sources */ = {isa = PBXBuildFile; fileRef = 1ADA85EE2B2B5E5E00DDEBC7 /* MainTabBarVC.swift */; };
		1AF757402A7B3A86008E651F /* SearchView.swift in Sources */ = {isa = PBXBuildFile; fileRef = 1AF7573F2A7B3A86008E651F /* SearchView.swift */; };
		1AF7782B2AF0E031008AC632 /* BottomCellData.swift in Sources */ = {isa = PBXBuildFile; fileRef = 1AF7782A2AF0E031008AC632 /* BottomCellData.swift */; };
		1AF778302AF52CA2008AC632 /* API+Youtube.swift in Sources */ = {isa = PBXBuildFile; fileRef = 1AF7782F2AF52CA2008AC632 /* API+Youtube.swift */; };
		AC267C3928D447FD00EE335C /* MyPageCell.swift in Sources */ = {isa = PBXBuildFile; fileRef = AC267C3828D447FD00EE335C /* MyPageCell.swift */; };
		AC267C3B28D449AF00EE335C /* HeaderView.swift in Sources */ = {isa = PBXBuildFile; fileRef = AC267C3A28D449AF00EE335C /* HeaderView.swift */; };
		AC35F92627D04B1A007D0A84 /* AppDelegate.swift in Sources */ = {isa = PBXBuildFile; fileRef = AC35F92527D04B1A007D0A84 /* AppDelegate.swift */; };
		AC35F92A27D04B1A007D0A84 /* HomeViewController.swift in Sources */ = {isa = PBXBuildFile; fileRef = AC35F92927D04B1A007D0A84 /* HomeViewController.swift */; };
		AC35F92D27D04B1A007D0A84 /* Main.storyboard in Resources */ = {isa = PBXBuildFile; fileRef = AC35F92B27D04B1A007D0A84 /* Main.storyboard */; };
		AC35F92F27D04B1C007D0A84 /* Assets.xcassets in Resources */ = {isa = PBXBuildFile; fileRef = AC35F92E27D04B1C007D0A84 /* Assets.xcassets */; };
		AC35F93227D04B1C007D0A84 /* LaunchScreen.storyboard in Resources */ = {isa = PBXBuildFile; fileRef = AC35F93027D04B1C007D0A84 /* LaunchScreen.storyboard */; };
		AC48CB292A4EA4AB00585416 /* ResultListViewController.swift in Sources */ = {isa = PBXBuildFile; fileRef = AC48CB282A4EA4AB00585416 /* ResultListViewController.swift */; };
		AC55FEA2289915D700958B8F /* APIRouter.swift in Sources */ = {isa = PBXBuildFile; fileRef = AC55FEA1289915D700958B8F /* APIRouter.swift */; };
		AC55FEA4289915E800958B8F /* API.swift in Sources */ = {isa = PBXBuildFile; fileRef = AC55FEA3289915E800958B8F /* API.swift */; };
		AC55FEA6289915F800958B8F /* APIEventLogger.swift in Sources */ = {isa = PBXBuildFile; fileRef = AC55FEA5289915F800958B8F /* APIEventLogger.swift */; };
		AC55FEA8289BAE8800958B8F /* RespSearch.swift in Sources */ = {isa = PBXBuildFile; fileRef = AC55FEA7289BAE8800958B8F /* RespSearch.swift */; };
		AC55FEAB289BAFC100958B8F /* Constants.swift in Sources */ = {isa = PBXBuildFile; fileRef = AC55FEAA289BAFC100958B8F /* Constants.swift */; };
		AC55FEAD28A4EF4500958B8F /* MyPageViewController.swift in Sources */ = {isa = PBXBuildFile; fileRef = AC55FEAC28A4EF4500958B8F /* MyPageViewController.swift */; };
		AC8DDAAA28B353BF005E4983 /* APIConfiguration.swift in Sources */ = {isa = PBXBuildFile; fileRef = AC8DDAA928B353BF005E4983 /* APIConfiguration.swift */; };
		AC8DDAAC28B35459005E4983 /* CoolishUtils.swift in Sources */ = {isa = PBXBuildFile; fileRef = AC8DDAAB28B35459005E4983 /* CoolishUtils.swift */; };
		AC8DDAAE28B610EA005E4983 /* String.swift in Sources */ = {isa = PBXBuildFile; fileRef = AC8DDAAD28B610EA005E4983 /* String.swift */; };
		ACB3F9E72906700C00122C2B /* BottomViewController.swift in Sources */ = {isa = PBXBuildFile; fileRef = ACB3F9E62906700C00122C2B /* BottomViewController.swift */; };
		ACB3F9EB290673E000122C2B /* Colors.swift in Sources */ = {isa = PBXBuildFile; fileRef = ACB3F9EA290673E000122C2B /* Colors.swift */; };
		ACB3F9EF2906824000122C2B /* BottomCell.swift in Sources */ = {isa = PBXBuildFile; fileRef = ACB3F9EE2906824000122C2B /* BottomCell.swift */; };
		ACC222EB286AD68A00DE1E9B /* SearchViewController.swift in Sources */ = {isa = PBXBuildFile; fileRef = ACC222EA286AD68A00DE1E9B /* SearchViewController.swift */; };
		ACC222F0286C1F2100DE1E9B /* SearchRecordCell.swift in Sources */ = {isa = PBXBuildFile; fileRef = ACC222EF286C1F2100DE1E9B /* SearchRecordCell.swift */; };
		ACC222F3286C247700DE1E9B /* SearchRecord.swift in Sources */ = {isa = PBXBuildFile; fileRef = ACC222F2286C247700DE1E9B /* SearchRecord.swift */; };
		ACEDCD7B2810EA41007B6D57 /* VideoData.swift in Sources */ = {isa = PBXBuildFile; fileRef = ACEDCD7A2810EA41007B6D57 /* VideoData.swift */; };
		ACFBFB9427E0921900CD8547 /* VideoTableCell.xib in Resources */ = {isa = PBXBuildFile; fileRef = ACFBFB9327E0921900CD8547 /* VideoTableCell.xib */; };
		ACFBFB9627E0924300CD8547 /* VideoTableCell.swift in Sources */ = {isa = PBXBuildFile; fileRef = ACFBFB9527E0924300CD8547 /* VideoTableCell.swift */; };
/* End PBXBuildFile section */

/* Begin PBXCopyFilesBuildPhase section */
		1A2C5BB62B54D97F00DC03E4 /* Embed Frameworks */ = {
			isa = PBXCopyFilesBuildPhase;
			buildActionMask = 2147483647;
			dstPath = "";
			dstSubfolderSpec = 10;
			files = (
			);
			name = "Embed Frameworks";
			runOnlyForDeploymentPostprocessing = 0;
		};
/* End PBXCopyFilesBuildPhase section */

/* Begin PBXFileReference section */
		1A09EE632B28B12700000312 /* VideoPlayerView.swift */ = {isa = PBXFileReference; lastKnownFileType = sourcecode.swift; path = VideoPlayerView.swift; sourceTree = "<group>"; };
		1A09EE652B28B13D00000312 /* MiniPlayerControlView.swift */ = {isa = PBXFileReference; lastKnownFileType = sourcecode.swift; path = MiniPlayerControlView.swift; sourceTree = "<group>"; };
		1A0CEC6E2BCE609F00B178A8 /* VideoDataRecord.swift */ = {isa = PBXFileReference; lastKnownFileType = sourcecode.swift; path = VideoDataRecord.swift; sourceTree = "<group>"; };
		1A0CEC702BCF6A0300B178A8 /* RealmManager.swift */ = {isa = PBXFileReference; lastKnownFileType = sourcecode.swift; path = RealmManager.swift; sourceTree = "<group>"; };
		1A2C5BED2B610D8A00DC03E4 /* UIPanGestureRecognizer.swift */ = {isa = PBXFileReference; lastKnownFileType = sourcecode.swift; path = UIPanGestureRecognizer.swift; sourceTree = "<group>"; };
		1A2C5C182B77C04000DC03E4 /* CustomSlider.swift */ = {isa = PBXFileReference; lastKnownFileType = sourcecode.swift; path = CustomSlider.swift; sourceTree = "<group>"; };
		1A3CFE1B2B9F35CF00EA3404 /* CustomButton.swift */ = {isa = PBXFileReference; lastKnownFileType = sourcecode.swift; path = CustomButton.swift; sourceTree = "<group>"; };
		1A3CFE1D2BA039F000EA3404 /* AniButton.swift */ = {isa = PBXFileReference; lastKnownFileType = sourcecode.swift; path = AniButton.swift; sourceTree = "<group>"; };
		1A3CFE1F2BA32AF200EA3404 /* AVPlayer.swift */ = {isa = PBXFileReference; lastKnownFileType = sourcecode.swift; path = AVPlayer.swift; sourceTree = "<group>"; };
		1A3CFE212BA32ED100EA3404 /* Notification+Name.swift */ = {isa = PBXFileReference; lastKnownFileType = sourcecode.swift; path = "Notification+Name.swift"; sourceTree = "<group>"; };
		1A5FEEA92AE261EA00C0FED5 /* PlayListTableCell.xib */ = {isa = PBXFileReference; lastKnownFileType = file.xib; path = PlayListTableCell.xib; sourceTree = "<group>"; };
		1A5FEEAB2AE2631B00C0FED5 /* PlayListTableCell.swift */ = {isa = PBXFileReference; lastKnownFileType = sourcecode.swift; path = PlayListTableCell.swift; sourceTree = "<group>"; };
		1A66447F2BBC125400842B97 /* URLExtractor.swift */ = {isa = PBXFileReference; lastKnownFileType = sourcecode.swift; path = URLExtractor.swift; sourceTree = "<group>"; };
		1A680C6129BDD67B00A4F944 /* ChannelTableCell.swift */ = {isa = PBXFileReference; lastKnownFileType = sourcecode.swift; path = ChannelTableCell.swift; sourceTree = "<group>"; };
		1A680C6229BDD67B00A4F944 /* ChannelTableCell.xib */ = {isa = PBXFileReference; lastKnownFileType = file.xib; path = ChannelTableCell.xib; sourceTree = "<group>"; };
		1A8DE0822BCE1536003FA0DE /* SubsViewController.swift */ = {isa = PBXFileReference; lastKnownFileType = sourcecode.swift; path = SubsViewController.swift; sourceTree = "<group>"; };
		1A8DE0842BCE176A003FA0DE /* CollectionViewCell.swift */ = {isa = PBXFileReference; lastKnownFileType = sourcecode.swift; path = CollectionViewCell.swift; sourceTree = "<group>"; };
		1A8DE0862BCE1964003FA0DE /* PreviewVideoCell.swift */ = {isa = PBXFileReference; lastKnownFileType = sourcecode.swift; path = PreviewVideoCell.swift; sourceTree = "<group>"; };
		1ADA85EE2B2B5E5E00DDEBC7 /* MainTabBarVC.swift */ = {isa = PBXFileReference; lastKnownFileType = sourcecode.swift; path = MainTabBarVC.swift; sourceTree = "<group>"; };
		1AF7573F2A7B3A86008E651F /* SearchView.swift */ = {isa = PBXFileReference; lastKnownFileType = sourcecode.swift; path = SearchView.swift; sourceTree = "<group>"; };
		1AF7782A2AF0E031008AC632 /* BottomCellData.swift */ = {isa = PBXFileReference; lastKnownFileType = sourcecode.swift; path = BottomCellData.swift; sourceTree = "<group>"; };
		1AF7782F2AF52CA2008AC632 /* API+Youtube.swift */ = {isa = PBXFileReference; lastKnownFileType = sourcecode.swift; path = "API+Youtube.swift"; sourceTree = "<group>"; };
		AC267C3828D447FD00EE335C /* MyPageCell.swift */ = {isa = PBXFileReference; lastKnownFileType = sourcecode.swift; path = MyPageCell.swift; sourceTree = "<group>"; };
		AC267C3A28D449AF00EE335C /* HeaderView.swift */ = {isa = PBXFileReference; lastKnownFileType = sourcecode.swift; path = HeaderView.swift; sourceTree = "<group>"; };
		AC35F92227D04B1A007D0A84 /* YoutubeChannelFilter.app */ = {isa = PBXFileReference; explicitFileType = wrapper.application; includeInIndex = 0; path = YoutubeChannelFilter.app; sourceTree = BUILT_PRODUCTS_DIR; };
		AC35F92527D04B1A007D0A84 /* AppDelegate.swift */ = {isa = PBXFileReference; lastKnownFileType = sourcecode.swift; path = AppDelegate.swift; sourceTree = "<group>"; };
		AC35F92927D04B1A007D0A84 /* HomeViewController.swift */ = {isa = PBXFileReference; lastKnownFileType = sourcecode.swift; path = HomeViewController.swift; sourceTree = "<group>"; };
		AC35F92C27D04B1A007D0A84 /* Base */ = {isa = PBXFileReference; lastKnownFileType = file.storyboard; name = Base; path = Base.lproj/Main.storyboard; sourceTree = "<group>"; };
		AC35F92E27D04B1C007D0A84 /* Assets.xcassets */ = {isa = PBXFileReference; lastKnownFileType = folder.assetcatalog; path = Assets.xcassets; sourceTree = "<group>"; };
		AC35F93127D04B1C007D0A84 /* Base */ = {isa = PBXFileReference; lastKnownFileType = file.storyboard; name = Base; path = Base.lproj/LaunchScreen.storyboard; sourceTree = "<group>"; };
		AC35F93327D04B1C007D0A84 /* Info.plist */ = {isa = PBXFileReference; lastKnownFileType = text.plist.xml; path = Info.plist; sourceTree = "<group>"; };
		AC48CB282A4EA4AB00585416 /* ResultListViewController.swift */ = {isa = PBXFileReference; lastKnownFileType = sourcecode.swift; path = ResultListViewController.swift; sourceTree = "<group>"; };
		AC55FEA1289915D700958B8F /* APIRouter.swift */ = {isa = PBXFileReference; lastKnownFileType = sourcecode.swift; path = APIRouter.swift; sourceTree = "<group>"; };
		AC55FEA3289915E800958B8F /* API.swift */ = {isa = PBXFileReference; lastKnownFileType = sourcecode.swift; path = API.swift; sourceTree = "<group>"; };
		AC55FEA5289915F800958B8F /* APIEventLogger.swift */ = {isa = PBXFileReference; lastKnownFileType = sourcecode.swift; path = APIEventLogger.swift; sourceTree = "<group>"; };
		AC55FEA7289BAE8800958B8F /* RespSearch.swift */ = {isa = PBXFileReference; lastKnownFileType = sourcecode.swift; path = RespSearch.swift; sourceTree = "<group>"; };
		AC55FEAA289BAFC100958B8F /* Constants.swift */ = {isa = PBXFileReference; lastKnownFileType = sourcecode.swift; path = Constants.swift; sourceTree = "<group>"; };
		AC55FEAC28A4EF4500958B8F /* MyPageViewController.swift */ = {isa = PBXFileReference; lastKnownFileType = sourcecode.swift; path = MyPageViewController.swift; sourceTree = "<group>"; };
		AC8DDAA928B353BF005E4983 /* APIConfiguration.swift */ = {isa = PBXFileReference; lastKnownFileType = sourcecode.swift; path = APIConfiguration.swift; sourceTree = "<group>"; };
		AC8DDAAB28B35459005E4983 /* CoolishUtils.swift */ = {isa = PBXFileReference; lastKnownFileType = sourcecode.swift; path = CoolishUtils.swift; sourceTree = "<group>"; };
		AC8DDAAD28B610EA005E4983 /* String.swift */ = {isa = PBXFileReference; lastKnownFileType = sourcecode.swift; path = String.swift; sourceTree = "<group>"; };
		ACB3F9E62906700C00122C2B /* BottomViewController.swift */ = {isa = PBXFileReference; lastKnownFileType = sourcecode.swift; path = BottomViewController.swift; sourceTree = "<group>"; };
		ACB3F9EA290673E000122C2B /* Colors.swift */ = {isa = PBXFileReference; lastKnownFileType = sourcecode.swift; path = Colors.swift; sourceTree = "<group>"; };
		ACB3F9EE2906824000122C2B /* BottomCell.swift */ = {isa = PBXFileReference; lastKnownFileType = sourcecode.swift; path = BottomCell.swift; sourceTree = "<group>"; };
		ACC222EA286AD68A00DE1E9B /* SearchViewController.swift */ = {isa = PBXFileReference; lastKnownFileType = sourcecode.swift; path = SearchViewController.swift; sourceTree = "<group>"; };
		ACC222EF286C1F2100DE1E9B /* SearchRecordCell.swift */ = {isa = PBXFileReference; lastKnownFileType = sourcecode.swift; path = SearchRecordCell.swift; sourceTree = "<group>"; };
		ACC222F2286C247700DE1E9B /* SearchRecord.swift */ = {isa = PBXFileReference; lastKnownFileType = sourcecode.swift; path = SearchRecord.swift; sourceTree = "<group>"; };
		ACEDCD7A2810EA41007B6D57 /* VideoData.swift */ = {isa = PBXFileReference; lastKnownFileType = sourcecode.swift; path = VideoData.swift; sourceTree = "<group>"; };
		ACFBFB9327E0921900CD8547 /* VideoTableCell.xib */ = {isa = PBXFileReference; lastKnownFileType = file.xib; path = VideoTableCell.xib; sourceTree = "<group>"; };
		ACFBFB9527E0924300CD8547 /* VideoTableCell.swift */ = {isa = PBXFileReference; lastKnownFileType = sourcecode.swift; path = VideoTableCell.swift; sourceTree = "<group>"; };
/* End PBXFileReference section */

/* Begin PBXFrameworksBuildPhase section */
		AC35F91F27D04B1A007D0A84 /* Frameworks */ = {
			isa = PBXFrameworksBuildPhase;
			buildActionMask = 2147483647;
			files = (
				1A2C5B882B4E738B00DC03E4 /* Realm in Frameworks */,
				1A2C5BBB2B54DA5A00DC03E4 /* SnapKit in Frameworks */,
				1A05C05D2BB11239000376A6 /* MaterialActivityIndicator in Frameworks */,
				1A2C5B802B4E718800DC03E4 /* Alamofire in Frameworks */,
				1A2C5B8A2B4E738B00DC03E4 /* RealmSwift in Frameworks */,
				1A2C5B852B4E729700DC03E4 /* SDWebImageMapKit in Frameworks */,
				1A2C5B832B4E729700DC03E4 /* SDWebImage in Frameworks */,
				1A2C5C1C2B7DBE9000DC03E4 /* CombineCocoa in Frameworks */,
				1AC8F5F22B3EFE29002A9740 /* YouTubeKit in Frameworks */,
			);
			runOnlyForDeploymentPostprocessing = 0;
		};
/* End PBXFrameworksBuildPhase section */

/* Begin PBXGroup section */
		1A2C5BEC2B610D3300DC03E4 /* Extension */ = {
			isa = PBXGroup;
			children = (
				AC8DDAAD28B610EA005E4983 /* String.swift */,
				ACB3F9EA290673E000122C2B /* Colors.swift */,
				1A2C5BED2B610D8A00DC03E4 /* UIPanGestureRecognizer.swift */,
				1A3CFE1F2BA32AF200EA3404 /* AVPlayer.swift */,
				1A3CFE212BA32ED100EA3404 /* Notification+Name.swift */,
			);
			path = Extension;
			sourceTree = "<group>";
		};
		1A2C5C172B77C02300DC03E4 /* CustomUI */ = {
			isa = PBXGroup;
			children = (
				1A2C5C182B77C04000DC03E4 /* CustomSlider.swift */,
				1A3CFE1B2B9F35CF00EA3404 /* CustomButton.swift */,
				1A3CFE1D2BA039F000EA3404 /* AniButton.swift */,
			);
			path = CustomUI;
			sourceTree = "<group>";
		};
		1A5FEEA82AE25FF900C0FED5 /* Cell */ = {
			isa = PBXGroup;
			children = (
				1A680C6129BDD67B00A4F944 /* ChannelTableCell.swift */,
				1A680C6229BDD67B00A4F944 /* ChannelTableCell.xib */,
				ACFBFB9327E0921900CD8547 /* VideoTableCell.xib */,
				ACFBFB9527E0924300CD8547 /* VideoTableCell.swift */,
				1A5FEEA92AE261EA00C0FED5 /* PlayListTableCell.xib */,
				1A5FEEAB2AE2631B00C0FED5 /* PlayListTableCell.swift */,
				ACC222EF286C1F2100DE1E9B /* SearchRecordCell.swift */,
				AC267C3828D447FD00EE335C /* MyPageCell.swift */,
				ACB3F9EE2906824000122C2B /* BottomCell.swift */,
				1A8DE0842BCE176A003FA0DE /* CollectionViewCell.swift */,
				1A8DE0862BCE1964003FA0DE /* PreviewVideoCell.swift */,
			);
			path = Cell;
			sourceTree = "<group>";
		};
		1A66447E2BBC11EC00842B97 /* YoutubeURLExtractor */ = {
			isa = PBXGroup;
			children = (
				1A66447F2BBC125400842B97 /* URLExtractor.swift */,
			);
			path = YoutubeURLExtractor;
			sourceTree = "<group>";
		};
		1AF7782C2AF37B46008AC632 /* API */ = {
			isa = PBXGroup;
			children = (
				AC55FEA3289915E800958B8F /* API.swift */,
				1AF7782F2AF52CA2008AC632 /* API+Youtube.swift */,
			);
			path = API;
			sourceTree = "<group>";
		};
		AC35F91927D04B1A007D0A84 = {
			isa = PBXGroup;
			children = (
				AC35F92427D04B1A007D0A84 /* YoutubeChannelFilter */,
				AC35F92327D04B1A007D0A84 /* Products */,
			);
			sourceTree = "<group>";
		};
		AC35F92327D04B1A007D0A84 /* Products */ = {
			isa = PBXGroup;
			children = (
				AC35F92227D04B1A007D0A84 /* YoutubeChannelFilter.app */,
			);
			name = Products;
			sourceTree = "<group>";
		};
		AC35F92427D04B1A007D0A84 /* YoutubeChannelFilter */ = {
			isa = PBXGroup;
			children = (
				1A66447E2BBC11EC00842B97 /* YoutubeURLExtractor */,
				AC55FEA9289BAFA300958B8F /* Utils */,
				ACFBFB9927E0BA2700CD8547 /* Network */,
				ACC222F1286C246D00DE1E9B /* Model */,
				ACC222EC286AD69400DE1E9B /* View */,
				ACC222E9286AD5CC00DE1E9B /* ViewController */,
				AC35F92527D04B1A007D0A84 /* AppDelegate.swift */,
				1A0CEC702BCF6A0300B178A8 /* RealmManager.swift */,
				AC35F92B27D04B1A007D0A84 /* Main.storyboard */,
				AC35F92E27D04B1C007D0A84 /* Assets.xcassets */,
				AC35F93027D04B1C007D0A84 /* LaunchScreen.storyboard */,
				AC35F93327D04B1C007D0A84 /* Info.plist */,
			);
			path = YoutubeChannelFilter;
			sourceTree = "<group>";
		};
		AC35F93B27D0980D007D0A84 /* Model */ = {
			isa = PBXGroup;
			children = (
				AC55FEA7289BAE8800958B8F /* RespSearch.swift */,
			);
			path = Model;
			sourceTree = "<group>";
		};
		AC55FEA9289BAFA300958B8F /* Utils */ = {
			isa = PBXGroup;
			children = (
				1A2C5BEC2B610D3300DC03E4 /* Extension */,
				AC55FEAA289BAFC100958B8F /* Constants.swift */,
				AC8DDAAB28B35459005E4983 /* CoolishUtils.swift */,
			);
			path = Utils;
			sourceTree = "<group>";
		};
		ACC222E9286AD5CC00DE1E9B /* ViewController */ = {
			isa = PBXGroup;
			children = (
				AC35F92927D04B1A007D0A84 /* HomeViewController.swift */,
				ACC222EA286AD68A00DE1E9B /* SearchViewController.swift */,
				AC55FEAC28A4EF4500958B8F /* MyPageViewController.swift */,
				ACB3F9E62906700C00122C2B /* BottomViewController.swift */,
				AC48CB282A4EA4AB00585416 /* ResultListViewController.swift */,
				1ADA85EE2B2B5E5E00DDEBC7 /* MainTabBarVC.swift */,
				1A8DE0822BCE1536003FA0DE /* SubsViewController.swift */,
			);
			path = ViewController;
			sourceTree = "<group>";
		};
		ACC222EC286AD69400DE1E9B /* View */ = {
			isa = PBXGroup;
			children = (
				1A2C5C172B77C02300DC03E4 /* CustomUI */,
				1A5FEEA82AE25FF900C0FED5 /* Cell */,
				AC267C3A28D449AF00EE335C /* HeaderView.swift */,
				1AF7573F2A7B3A86008E651F /* SearchView.swift */,
				1A09EE632B28B12700000312 /* VideoPlayerView.swift */,
				1A09EE652B28B13D00000312 /* MiniPlayerControlView.swift */,
			);
			path = View;
			sourceTree = "<group>";
		};
		ACC222F1286C246D00DE1E9B /* Model */ = {
			isa = PBXGroup;
			children = (
				ACEDCD7A2810EA41007B6D57 /* VideoData.swift */,
				ACC222F2286C247700DE1E9B /* SearchRecord.swift */,
				1AF7782A2AF0E031008AC632 /* BottomCellData.swift */,
				1A0CEC6E2BCE609F00B178A8 /* VideoDataRecord.swift */,
			);
			path = Model;
			sourceTree = "<group>";
		};
		ACFBFB9927E0BA2700CD8547 /* Network */ = {
			isa = PBXGroup;
			children = (
				1AF7782C2AF37B46008AC632 /* API */,
				AC35F93B27D0980D007D0A84 /* Model */,
				AC55FEA1289915D700958B8F /* APIRouter.swift */,
				AC55FEA5289915F800958B8F /* APIEventLogger.swift */,
				AC8DDAA928B353BF005E4983 /* APIConfiguration.swift */,
			);
			path = Network;
			sourceTree = "<group>";
		};
/* End PBXGroup section */

/* Begin PBXNativeTarget section */
		AC35F92127D04B1A007D0A84 /* YoutubeChannelFilter */ = {
			isa = PBXNativeTarget;
			buildConfigurationList = AC35F93627D04B1C007D0A84 /* Build configuration list for PBXNativeTarget "YoutubeChannelFilter" */;
			buildPhases = (
				AC35F91E27D04B1A007D0A84 /* Sources */,
				AC35F91F27D04B1A007D0A84 /* Frameworks */,
				AC35F92027D04B1A007D0A84 /* Resources */,
				1A2C5BB62B54D97F00DC03E4 /* Embed Frameworks */,
			);
			buildRules = (
			);
			dependencies = (
			);
			name = YoutubeChannelFilter;
			packageProductDependencies = (
				1AC8F5F12B3EFE29002A9740 /* YouTubeKit */,
				1A2C5B7F2B4E718800DC03E4 /* Alamofire */,
				1A2C5B822B4E729700DC03E4 /* SDWebImage */,
				1A2C5B842B4E729700DC03E4 /* SDWebImageMapKit */,
				1A2C5B872B4E738B00DC03E4 /* Realm */,
				1A2C5B892B4E738B00DC03E4 /* RealmSwift */,
				1A2C5BBA2B54DA5A00DC03E4 /* SnapKit */,
				1A2C5C1B2B7DBE9000DC03E4 /* CombineCocoa */,
				1A05C05C2BB11239000376A6 /* MaterialActivityIndicator */,
			);
			productName = YoutubeChannelFilter;
			productReference = AC35F92227D04B1A007D0A84 /* YoutubeChannelFilter.app */;
			productType = "com.apple.product-type.application";
		};
/* End PBXNativeTarget section */

/* Begin PBXProject section */
		AC35F91A27D04B1A007D0A84 /* Project object */ = {
			isa = PBXProject;
			attributes = {
				BuildIndependentTargetsInParallel = 1;
				LastSwiftUpdateCheck = 1320;
				LastUpgradeCheck = 1320;
				TargetAttributes = {
					AC35F92127D04B1A007D0A84 = {
						CreatedOnToolsVersion = 13.2.1;
					};
				};
			};
			buildConfigurationList = AC35F91D27D04B1A007D0A84 /* Build configuration list for PBXProject "YoutubeChannelFilter" */;
			compatibilityVersion = "Xcode 13.0";
			developmentRegion = en;
			hasScannedForEncodings = 0;
			knownRegions = (
				en,
				Base,
			);
			mainGroup = AC35F91927D04B1A007D0A84;
			packageReferences = (
				1AC8F5F02B3EFE29002A9740 /* XCRemoteSwiftPackageReference "YouTubeKit" */,
				1A2C5B7E2B4E718800DC03E4 /* XCRemoteSwiftPackageReference "Alamofire" */,
				1A2C5B812B4E729700DC03E4 /* XCRemoteSwiftPackageReference "SDWebImage" */,
				1A2C5B862B4E738B00DC03E4 /* XCRemoteSwiftPackageReference "realm-swift" */,
				1A2C5BB92B54DA5A00DC03E4 /* XCRemoteSwiftPackageReference "SnapKit" */,
				1A2C5C1A2B7DBE9000DC03E4 /* XCRemoteSwiftPackageReference "CombineCocoa" */,
				1A05C05B2BB11239000376A6 /* XCRemoteSwiftPackageReference "MaterialActivityIndicator" */,
			);
			productRefGroup = AC35F92327D04B1A007D0A84 /* Products */;
			projectDirPath = "";
			projectRoot = "";
			targets = (
				AC35F92127D04B1A007D0A84 /* YoutubeChannelFilter */,
			);
		};
/* End PBXProject section */

/* Begin PBXResourcesBuildPhase section */
		AC35F92027D04B1A007D0A84 /* Resources */ = {
			isa = PBXResourcesBuildPhase;
			buildActionMask = 2147483647;
			files = (
				AC35F93227D04B1C007D0A84 /* LaunchScreen.storyboard in Resources */,
				AC35F92F27D04B1C007D0A84 /* Assets.xcassets in Resources */,
				1A680C6429BDD67B00A4F944 /* ChannelTableCell.xib in Resources */,
				ACFBFB9427E0921900CD8547 /* VideoTableCell.xib in Resources */,
				1A5FEEAA2AE261EA00C0FED5 /* PlayListTableCell.xib in Resources */,
				AC35F92D27D04B1A007D0A84 /* Main.storyboard in Resources */,
			);
			runOnlyForDeploymentPostprocessing = 0;
		};
/* End PBXResourcesBuildPhase section */

/* Begin PBXSourcesBuildPhase section */
		AC35F91E27D04B1A007D0A84 /* Sources */ = {
			isa = PBXSourcesBuildPhase;
			buildActionMask = 2147483647;
			files = (
				ACB3F9EF2906824000122C2B /* BottomCell.swift in Sources */,
				1A3CFE1E2BA039F000EA3404 /* AniButton.swift in Sources */,
				ACC222EB286AD68A00DE1E9B /* SearchViewController.swift in Sources */,
				1A8DE0872BCE1964003FA0DE /* PreviewVideoCell.swift in Sources */,
				AC267C3B28D449AF00EE335C /* HeaderView.swift in Sources */,
				1A5FEEAC2AE2631B00C0FED5 /* PlayListTableCell.swift in Sources */,
				1A0CEC6F2BCE609F00B178A8 /* VideoDataRecord.swift in Sources */,
				AC267C3928D447FD00EE335C /* MyPageCell.swift in Sources */,
				AC8DDAAE28B610EA005E4983 /* String.swift in Sources */,
				AC55FEAD28A4EF4500958B8F /* MyPageViewController.swift in Sources */,
				1AF7782B2AF0E031008AC632 /* BottomCellData.swift in Sources */,
				1A680C6329BDD67B00A4F944 /* ChannelTableCell.swift in Sources */,
				1AF757402A7B3A86008E651F /* SearchView.swift in Sources */,
				AC55FEAB289BAFC100958B8F /* Constants.swift in Sources */,
				1A2C5BEE2B610D8A00DC03E4 /* UIPanGestureRecognizer.swift in Sources */,
				AC55FEA4289915E800958B8F /* API.swift in Sources */,
				1A2C5C192B77C04000DC03E4 /* CustomSlider.swift in Sources */,
				1A8DE0852BCE176A003FA0DE /* CollectionViewCell.swift in Sources */,
				ACC222F3286C247700DE1E9B /* SearchRecord.swift in Sources */,
				1A0CEC712BCF6A0300B178A8 /* RealmManager.swift in Sources */,
				ACFBFB9627E0924300CD8547 /* VideoTableCell.swift in Sources */,
				1AF778302AF52CA2008AC632 /* API+Youtube.swift in Sources */,
				1A3CFE222BA32ED100EA3404 /* Notification+Name.swift in Sources */,
				ACB3F9E72906700C00122C2B /* BottomViewController.swift in Sources */,
				ACB3F9EB290673E000122C2B /* Colors.swift in Sources */,
				1A8DE0832BCE1536003FA0DE /* SubsViewController.swift in Sources */,
				AC48CB292A4EA4AB00585416 /* ResultListViewController.swift in Sources */,
				1A09EE662B28B13D00000312 /* MiniPlayerControlView.swift in Sources */,
				ACC222F0286C1F2100DE1E9B /* SearchRecordCell.swift in Sources */,
				AC35F92A27D04B1A007D0A84 /* HomeViewController.swift in Sources */,
				AC55FEA6289915F800958B8F /* APIEventLogger.swift in Sources */,
				AC55FEA2289915D700958B8F /* APIRouter.swift in Sources */,
				1A09EE642B28B12700000312 /* VideoPlayerView.swift in Sources */,
				AC55FEA8289BAE8800958B8F /* RespSearch.swift in Sources */,
				1A6644802BBC125400842B97 /* URLExtractor.swift in Sources */,
				1A3CFE202BA32AF200EA3404 /* AVPlayer.swift in Sources */,
				AC8DDAAA28B353BF005E4983 /* APIConfiguration.swift in Sources */,
				AC8DDAAC28B35459005E4983 /* CoolishUtils.swift in Sources */,
				1A3CFE1C2B9F35CF00EA3404 /* CustomButton.swift in Sources */,
				1ADA85EF2B2B5E5E00DDEBC7 /* MainTabBarVC.swift in Sources */,
				AC35F92627D04B1A007D0A84 /* AppDelegate.swift in Sources */,
				ACEDCD7B2810EA41007B6D57 /* VideoData.swift in Sources */,
			);
			runOnlyForDeploymentPostprocessing = 0;
		};
/* End PBXSourcesBuildPhase section */

/* Begin PBXVariantGroup section */
		AC35F92B27D04B1A007D0A84 /* Main.storyboard */ = {
			isa = PBXVariantGroup;
			children = (
				AC35F92C27D04B1A007D0A84 /* Base */,
			);
			name = Main.storyboard;
			sourceTree = "<group>";
		};
		AC35F93027D04B1C007D0A84 /* LaunchScreen.storyboard */ = {
			isa = PBXVariantGroup;
			children = (
				AC35F93127D04B1C007D0A84 /* Base */,
			);
			name = LaunchScreen.storyboard;
			sourceTree = "<group>";
		};
/* End PBXVariantGroup section */

/* Begin XCBuildConfiguration section */
		AC35F93427D04B1C007D0A84 /* Debug */ = {
			isa = XCBuildConfiguration;
			buildSettings = {
				ALWAYS_SEARCH_USER_PATHS = NO;
				CLANG_ANALYZER_NONNULL = YES;
				CLANG_ANALYZER_NUMBER_OBJECT_CONVERSION = YES_AGGRESSIVE;
				CLANG_CXX_LANGUAGE_STANDARD = "gnu++17";
				CLANG_CXX_LIBRARY = "libc++";
				CLANG_ENABLE_MODULES = YES;
				CLANG_ENABLE_OBJC_ARC = YES;
				CLANG_ENABLE_OBJC_WEAK = YES;
				CLANG_WARN_BLOCK_CAPTURE_AUTORELEASING = YES;
				CLANG_WARN_BOOL_CONVERSION = YES;
				CLANG_WARN_COMMA = YES;
				CLANG_WARN_CONSTANT_CONVERSION = YES;
				CLANG_WARN_DEPRECATED_OBJC_IMPLEMENTATIONS = YES;
				CLANG_WARN_DIRECT_OBJC_ISA_USAGE = YES_ERROR;
				CLANG_WARN_DOCUMENTATION_COMMENTS = YES;
				CLANG_WARN_EMPTY_BODY = YES;
				CLANG_WARN_ENUM_CONVERSION = YES;
				CLANG_WARN_INFINITE_RECURSION = YES;
				CLANG_WARN_INT_CONVERSION = YES;
				CLANG_WARN_NON_LITERAL_NULL_CONVERSION = YES;
				CLANG_WARN_OBJC_IMPLICIT_RETAIN_SELF = YES;
				CLANG_WARN_OBJC_LITERAL_CONVERSION = YES;
				CLANG_WARN_OBJC_ROOT_CLASS = YES_ERROR;
				CLANG_WARN_QUOTED_INCLUDE_IN_FRAMEWORK_HEADER = YES;
				CLANG_WARN_RANGE_LOOP_ANALYSIS = YES;
				CLANG_WARN_STRICT_PROTOTYPES = YES;
				CLANG_WARN_SUSPICIOUS_MOVE = YES;
				CLANG_WARN_UNGUARDED_AVAILABILITY = YES_AGGRESSIVE;
				CLANG_WARN_UNREACHABLE_CODE = YES;
				CLANG_WARN__DUPLICATE_METHOD_MATCH = YES;
				COPY_PHASE_STRIP = NO;
				DEBUG_INFORMATION_FORMAT = dwarf;
				ENABLE_STRICT_OBJC_MSGSEND = YES;
				ENABLE_TESTABILITY = YES;
				GCC_C_LANGUAGE_STANDARD = gnu11;
				GCC_DYNAMIC_NO_PIC = NO;
				GCC_NO_COMMON_BLOCKS = YES;
				GCC_OPTIMIZATION_LEVEL = 0;
				GCC_PREPROCESSOR_DEFINITIONS = (
					"DEBUG=1",
					"$(inherited)",
				);
				GCC_WARN_64_TO_32_BIT_CONVERSION = YES;
				GCC_WARN_ABOUT_RETURN_TYPE = YES_ERROR;
				GCC_WARN_UNDECLARED_SELECTOR = YES;
				GCC_WARN_UNINITIALIZED_AUTOS = YES_AGGRESSIVE;
				GCC_WARN_UNUSED_FUNCTION = YES;
				GCC_WARN_UNUSED_VARIABLE = YES;
				IPHONEOS_DEPLOYMENT_TARGET = 13.0;
				MTL_ENABLE_DEBUG_INFO = INCLUDE_SOURCE;
				MTL_FAST_MATH = YES;
				ONLY_ACTIVE_ARCH = YES;
				SDKROOT = iphoneos;
				SWIFT_ACTIVE_COMPILATION_CONDITIONS = DEBUG;
				SWIFT_OPTIMIZATION_LEVEL = "-Onone";
			};
			name = Debug;
		};
		AC35F93527D04B1C007D0A84 /* Release */ = {
			isa = XCBuildConfiguration;
			buildSettings = {
				ALWAYS_SEARCH_USER_PATHS = NO;
				CLANG_ANALYZER_NONNULL = YES;
				CLANG_ANALYZER_NUMBER_OBJECT_CONVERSION = YES_AGGRESSIVE;
				CLANG_CXX_LANGUAGE_STANDARD = "gnu++17";
				CLANG_CXX_LIBRARY = "libc++";
				CLANG_ENABLE_MODULES = YES;
				CLANG_ENABLE_OBJC_ARC = YES;
				CLANG_ENABLE_OBJC_WEAK = YES;
				CLANG_WARN_BLOCK_CAPTURE_AUTORELEASING = YES;
				CLANG_WARN_BOOL_CONVERSION = YES;
				CLANG_WARN_COMMA = YES;
				CLANG_WARN_CONSTANT_CONVERSION = YES;
				CLANG_WARN_DEPRECATED_OBJC_IMPLEMENTATIONS = YES;
				CLANG_WARN_DIRECT_OBJC_ISA_USAGE = YES_ERROR;
				CLANG_WARN_DOCUMENTATION_COMMENTS = YES;
				CLANG_WARN_EMPTY_BODY = YES;
				CLANG_WARN_ENUM_CONVERSION = YES;
				CLANG_WARN_INFINITE_RECURSION = YES;
				CLANG_WARN_INT_CONVERSION = YES;
				CLANG_WARN_NON_LITERAL_NULL_CONVERSION = YES;
				CLANG_WARN_OBJC_IMPLICIT_RETAIN_SELF = YES;
				CLANG_WARN_OBJC_LITERAL_CONVERSION = YES;
				CLANG_WARN_OBJC_ROOT_CLASS = YES_ERROR;
				CLANG_WARN_QUOTED_INCLUDE_IN_FRAMEWORK_HEADER = YES;
				CLANG_WARN_RANGE_LOOP_ANALYSIS = YES;
				CLANG_WARN_STRICT_PROTOTYPES = YES;
				CLANG_WARN_SUSPICIOUS_MOVE = YES;
				CLANG_WARN_UNGUARDED_AVAILABILITY = YES_AGGRESSIVE;
				CLANG_WARN_UNREACHABLE_CODE = YES;
				CLANG_WARN__DUPLICATE_METHOD_MATCH = YES;
				COPY_PHASE_STRIP = NO;
				DEBUG_INFORMATION_FORMAT = "dwarf-with-dsym";
				ENABLE_NS_ASSERTIONS = NO;
				ENABLE_STRICT_OBJC_MSGSEND = YES;
				GCC_C_LANGUAGE_STANDARD = gnu11;
				GCC_NO_COMMON_BLOCKS = YES;
				GCC_WARN_64_TO_32_BIT_CONVERSION = YES;
				GCC_WARN_ABOUT_RETURN_TYPE = YES_ERROR;
				GCC_WARN_UNDECLARED_SELECTOR = YES;
				GCC_WARN_UNINITIALIZED_AUTOS = YES_AGGRESSIVE;
				GCC_WARN_UNUSED_FUNCTION = YES;
				GCC_WARN_UNUSED_VARIABLE = YES;
				IPHONEOS_DEPLOYMENT_TARGET = 13.0;
				MTL_ENABLE_DEBUG_INFO = NO;
				MTL_FAST_MATH = YES;
				SDKROOT = iphoneos;
				SWIFT_COMPILATION_MODE = wholemodule;
				SWIFT_OPTIMIZATION_LEVEL = "-O";
				VALIDATE_PRODUCT = YES;
			};
			name = Release;
		};
		AC35F93727D04B1C007D0A84 /* Debug */ = {
			isa = XCBuildConfiguration;
			buildSettings = {
				ASSETCATALOG_COMPILER_APPICON_NAME = AppIcon;
				ASSETCATALOG_COMPILER_GLOBAL_ACCENT_COLOR_NAME = AccentColor;
				CODE_SIGN_STYLE = Automatic;
				CURRENT_PROJECT_VERSION = 1;
				DEVELOPMENT_TEAM = 685BA2XV8P;
				GENERATE_INFOPLIST_FILE = YES;
				INFOPLIST_FILE = YoutubeChannelFilter/Info.plist;
				INFOPLIST_KEY_CFBundleDisplayName = "유튜브필터";
				INFOPLIST_KEY_LSApplicationCategoryType = "public.app-category.video";
				INFOPLIST_KEY_UIApplicationSupportsIndirectInputEvents = YES;
				INFOPLIST_KEY_UILaunchStoryboardName = LaunchScreen;
				INFOPLIST_KEY_UIMainStoryboardFile = Main;
				INFOPLIST_KEY_UISupportedInterfaceOrientations_iPad = "UIInterfaceOrientationPortrait UIInterfaceOrientationPortraitUpsideDown UIInterfaceOrientationLandscapeLeft UIInterfaceOrientationLandscapeRight";
				INFOPLIST_KEY_UISupportedInterfaceOrientations_iPhone = "UIInterfaceOrientationPortrait UIInterfaceOrientationLandscapeLeft UIInterfaceOrientationLandscapeRight";
				IPHONEOS_DEPLOYMENT_TARGET = 13.0;
				LD_RUNPATH_SEARCH_PATHS = (
					"$(inherited)",
					"@executable_path/Frameworks",
				);
				MARKETING_VERSION = 1.0;
				PRODUCT_BUNDLE_IDENTIFIER = com.coolishbee.YoutubeChannelFilter;
				PRODUCT_NAME = "$(TARGET_NAME)";
				SWIFT_EMIT_LOC_STRINGS = YES;
				SWIFT_VERSION = 5.0;
				TARGETED_DEVICE_FAMILY = "1,2";
			};
			name = Debug;
		};
		AC35F93827D04B1C007D0A84 /* Release */ = {
			isa = XCBuildConfiguration;
			buildSettings = {
				ASSETCATALOG_COMPILER_APPICON_NAME = AppIcon;
				ASSETCATALOG_COMPILER_GLOBAL_ACCENT_COLOR_NAME = AccentColor;
				CODE_SIGN_STYLE = Automatic;
				CURRENT_PROJECT_VERSION = 1;
				DEVELOPMENT_TEAM = 685BA2XV8P;
				GENERATE_INFOPLIST_FILE = YES;
				INFOPLIST_FILE = YoutubeChannelFilter/Info.plist;
				INFOPLIST_KEY_CFBundleDisplayName = "유튜브필터";
				INFOPLIST_KEY_LSApplicationCategoryType = "public.app-category.video";
				INFOPLIST_KEY_UIApplicationSupportsIndirectInputEvents = YES;
				INFOPLIST_KEY_UILaunchStoryboardName = LaunchScreen;
				INFOPLIST_KEY_UIMainStoryboardFile = Main;
				INFOPLIST_KEY_UISupportedInterfaceOrientations_iPad = "UIInterfaceOrientationPortrait UIInterfaceOrientationPortraitUpsideDown UIInterfaceOrientationLandscapeLeft UIInterfaceOrientationLandscapeRight";
				INFOPLIST_KEY_UISupportedInterfaceOrientations_iPhone = "UIInterfaceOrientationPortrait UIInterfaceOrientationLandscapeLeft UIInterfaceOrientationLandscapeRight";
				IPHONEOS_DEPLOYMENT_TARGET = 13.0;
				LD_RUNPATH_SEARCH_PATHS = (
					"$(inherited)",
					"@executable_path/Frameworks",
				);
				MARKETING_VERSION = 1.0;
				PRODUCT_BUNDLE_IDENTIFIER = com.coolishbee.YoutubeChannelFilter;
				PRODUCT_NAME = "$(TARGET_NAME)";
				SWIFT_EMIT_LOC_STRINGS = YES;
				SWIFT_VERSION = 5.0;
				TARGETED_DEVICE_FAMILY = "1,2";
			};
			name = Release;
		};
/* End XCBuildConfiguration section */

/* Begin XCConfigurationList section */
		AC35F91D27D04B1A007D0A84 /* Build configuration list for PBXProject "YoutubeChannelFilter" */ = {
			isa = XCConfigurationList;
			buildConfigurations = (
				AC35F93427D04B1C007D0A84 /* Debug */,
				AC35F93527D04B1C007D0A84 /* Release */,
			);
			defaultConfigurationIsVisible = 0;
			defaultConfigurationName = Release;
		};
		AC35F93627D04B1C007D0A84 /* Build configuration list for PBXNativeTarget "YoutubeChannelFilter" */ = {
			isa = XCConfigurationList;
			buildConfigurations = (
				AC35F93727D04B1C007D0A84 /* Debug */,
				AC35F93827D04B1C007D0A84 /* Release */,
			);
			defaultConfigurationIsVisible = 0;
			defaultConfigurationName = Release;
		};
/* End XCConfigurationList section */

/* Begin XCRemoteSwiftPackageReference section */
		1A05C05B2BB11239000376A6 /* XCRemoteSwiftPackageReference "MaterialActivityIndicator" */ = {
			isa = XCRemoteSwiftPackageReference;
			repositoryURL = "https://github.com/nspavlo/MaterialActivityIndicator";
			requirement = {
				kind = upToNextMajorVersion;
				minimumVersion = 0.0.7;
			};
		};
		1A2C5B7E2B4E718800DC03E4 /* XCRemoteSwiftPackageReference "Alamofire" */ = {
			isa = XCRemoteSwiftPackageReference;
			repositoryURL = "https://github.com/Alamofire/Alamofire.git";
			requirement = {
				kind = upToNextMajorVersion;
				minimumVersion = 5.8.1;
			};
		};
		1A2C5B812B4E729700DC03E4 /* XCRemoteSwiftPackageReference "SDWebImage" */ = {
			isa = XCRemoteSwiftPackageReference;
			repositoryURL = "https://github.com/SDWebImage/SDWebImage.git";
			requirement = {
				kind = upToNextMajorVersion;
				minimumVersion = 5.18.8;
			};
		};
		1A2C5B862B4E738B00DC03E4 /* XCRemoteSwiftPackageReference "realm-swift" */ = {
			isa = XCRemoteSwiftPackageReference;
			repositoryURL = "https://github.com/realm/realm-swift.git";
			requirement = {
				kind = upToNextMajorVersion;
				minimumVersion = 10.34.0;
			};
		};
		1A2C5BB92B54DA5A00DC03E4 /* XCRemoteSwiftPackageReference "SnapKit" */ = {
			isa = XCRemoteSwiftPackageReference;
			repositoryURL = "https://github.com/SnapKit/SnapKit.git";
			requirement = {
				kind = upToNextMajorVersion;
				minimumVersion = 5.7.0;
			};
		};
		1A2C5C1A2B7DBE9000DC03E4 /* XCRemoteSwiftPackageReference "CombineCocoa" */ = {
			isa = XCRemoteSwiftPackageReference;
			repositoryURL = "https://github.com/CombineCommunity/CombineCocoa.git";
			requirement = {
				kind = upToNextMajorVersion;
				minimumVersion = 0.4.1;
			};
		};
		1AC8F5F02B3EFE29002A9740 /* XCRemoteSwiftPackageReference "YouTubeKit" */ = {
			isa = XCRemoteSwiftPackageReference;
			repositoryURL = "https://github.com/alexeichhorn/YouTubeKit";
			requirement = {
				kind = upToNextMajorVersion;
				minimumVersion = 0.2.0;
			};
		};
/* End XCRemoteSwiftPackageReference section */

/* Begin XCSwiftPackageProductDependency section */
		1A05C05C2BB11239000376A6 /* MaterialActivityIndicator */ = {
			isa = XCSwiftPackageProductDependency;
			package = 1A05C05B2BB11239000376A6 /* XCRemoteSwiftPackageReference "MaterialActivityIndicator" */;
			productName = MaterialActivityIndicator;
		};
		1A2C5B7F2B4E718800DC03E4 /* Alamofire */ = {
			isa = XCSwiftPackageProductDependency;
			package = 1A2C5B7E2B4E718800DC03E4 /* XCRemoteSwiftPackageReference "Alamofire" */;
			productName = Alamofire;
		};
		1A2C5B822B4E729700DC03E4 /* SDWebImage */ = {
			isa = XCSwiftPackageProductDependency;
			package = 1A2C5B812B4E729700DC03E4 /* XCRemoteSwiftPackageReference "SDWebImage" */;
			productName = SDWebImage;
		};
		1A2C5B842B4E729700DC03E4 /* SDWebImageMapKit */ = {
			isa = XCSwiftPackageProductDependency;
			package = 1A2C5B812B4E729700DC03E4 /* XCRemoteSwiftPackageReference "SDWebImage" */;
			productName = SDWebImageMapKit;
		};
		1A2C5B872B4E738B00DC03E4 /* Realm */ = {
			isa = XCSwiftPackageProductDependency;
			package = 1A2C5B862B4E738B00DC03E4 /* XCRemoteSwiftPackageReference "realm-swift" */;
			productName = Realm;
		};
		1A2C5B892B4E738B00DC03E4 /* RealmSwift */ = {
			isa = XCSwiftPackageProductDependency;
			package = 1A2C5B862B4E738B00DC03E4 /* XCRemoteSwiftPackageReference "realm-swift" */;
			productName = RealmSwift;
		};
		1A2C5BBA2B54DA5A00DC03E4 /* SnapKit */ = {
			isa = XCSwiftPackageProductDependency;
			package = 1A2C5BB92B54DA5A00DC03E4 /* XCRemoteSwiftPackageReference "SnapKit" */;
			productName = SnapKit;
		};
		1A2C5C1B2B7DBE9000DC03E4 /* CombineCocoa */ = {
			isa = XCSwiftPackageProductDependency;
			package = 1A2C5C1A2B7DBE9000DC03E4 /* XCRemoteSwiftPackageReference "CombineCocoa" */;
			productName = CombineCocoa;
		};
		1AC8F5F12B3EFE29002A9740 /* YouTubeKit */ = {
			isa = XCSwiftPackageProductDependency;
			package = 1AC8F5F02B3EFE29002A9740 /* XCRemoteSwiftPackageReference "YouTubeKit" */;
			productName = YouTubeKit;
		};
/* End XCSwiftPackageProductDependency section */
	};
	rootObject = AC35F91A27D04B1A007D0A84 /* Project object */;
}
